
Microsoft Visual Studio Solution File, Format Version 12.00
# Visual Studio 14
VisualStudioVersion = 14.0.25420.1
MinimumVisualStudioVersion = 10.0.40219.1
Project("{FAE04EC0-301F-11D3-BF4B-00C04F79EFBC}") = "Github repo testi", "Github repo testi\Github repo testi.csproj", "{AFEA459A-0CD9-4AC3-ADA6-13311D4F70D7}"
EndProject
Project("{FAE04EC0-301F-11D3-BF4B-00C04F79EFBC}") = "Testitesti", "Testitesti\Testitesti.csproj", "{2BDC3D47-3504-4FF5-8097-8DBE9850AB97}"
EndProject
Project("{FAE04EC0-301F-11D3-BF4B-00C04F79EFBC}") = "WPFSliderdemo", "WPFSliderdemo\WPFSliderdemo.csproj", "{73CFB9F3-938A-41DA-B078-860C427B5215}"
EndProject
Project("{FAE04EC0-301F-11D3-BF4B-00C04F79EFBC}") = "WPFSliderDemo2.2", "WPFSliderDemo2.2\WPFSliderDemo2.2.csproj", "{D651E1B1-4F28-47E9-AEF0-EF2ABC9834C7}"
EndProject
Global
	GlobalSection(SolutionConfigurationPlatforms) = preSolution
		Debug|Any CPU = Debug|Any CPU
		Release|Any CPU = Release|Any CPU
	EndGlobalSection
	GlobalSection(ProjectConfigurationPlatforms) = postSolution
		{AFEA459A-0CD9-4AC3-ADA6-13311D4F70D7}.Debug|Any CPU.ActiveCfg = Debug|Any CPU
		{AFEA459A-0CD9-4AC3-ADA6-13311D4F70D7}.Debug|Any CPU.Build.0 = Debug|Any CPU
		{AFEA459A-0CD9-4AC3-ADA6-13311D4F70D7}.Release|Any CPU.ActiveCfg = Release|Any CPU
		{AFEA459A-0CD9-4AC3-ADA6-13311D4F70D7}.Release|Any CPU.Build.0 = Release|Any CPU
		{2BDC3D47-3504-4FF5-8097-8DBE9850AB97}.Debug|Any CPU.ActiveCfg = Debug|Any CPU
		{2BDC3D47-3504-4FF5-8097-8DBE9850AB97}.Debug|Any CPU.Build.0 = Debug|Any CPU
		{2BDC3D47-3504-4FF5-8097-8DBE9850AB97}.Release|Any CPU.ActiveCfg = Release|Any CPU
		{2BDC3D47-3504-4FF5-8097-8DBE9850AB97}.Release|Any CPU.Build.0 = Release|Any CPU
		{73CFB9F3-938A-41DA-B078-860C427B5215}.Debug|Any CPU.ActiveCfg = Debug|Any CPU
		{73CFB9F3-938A-41DA-B078-860C427B5215}.Debug|Any CPU.Build.0 = Debug|Any CPU
		{73CFB9F3-938A-41DA-B078-860C427B5215}.Release|Any CPU.ActiveCfg = Release|Any CPU
		{73CFB9F3-938A-41DA-B078-860C427B5215}.Release|Any CPU.Build.0 = Release|Any CPU
		{D651E1B1-4F28-47E9-AEF0-EF2ABC9834C7}.Debug|Any CPU.ActiveCfg = Debug|Any CPU
		{D651E1B1-4F28-47E9-AEF0-EF2ABC9834C7}.Debug|Any CPU.Build.0 = Debug|Any CPU
		{D651E1B1-4F28-47E9-AEF0-EF2ABC9834C7}.Release|Any CPU.ActiveCfg = Release|Any CPU
		{D651E1B1-4F28-47E9-AEF0-EF2ABC9834C7}.Release|Any CPU.Build.0 = Release|Any CPU
	EndGlobalSection
	GlobalSection(SolutionProperties) = preSolution
		HideSolutionNode = FALSE
	EndGlobalSection
EndGlobal
